dependencies:
- name: sycophant-gvisor
  repository: file://../sycophant-gvisor
  version: 0.1.0
- name: sycophant-cluster
  repository: file://../sycophant-cluster
  version: 0.1.0
digest: sha256:7ccc13e8776032a0ea9ec69c99afd7347cd764bfcec2f1e211bd9158d10b66d6
generated: "2026-05-25T08:24:18.142521+02:00"
